
Microsoft Visual Studio Solution File, Format Version 12.00
# Visual Studio Version 17
VisualStudioVersion = 17.3.32929.385
MinimumVisualStudioVersion = 10.0.40219.1
Project("{FAE04EC0-301F-11D3-BF4B-00C04F79EFBC}") = "FriendlyTurrets", "FriendlyTurrets.csproj", "{3F8CF903-7F89-437C-ABB5-4A79ECC7573A}"
EndProject
Global
	GlobalSection(SolutionConfigurationPlatforms) = preSolution
		Debug|Any CPU = Debug|Any CPU
		Release|Any CPU = Release|Any CPU
	EndGlobalSection
	GlobalSection(ProjectConfigurationPlatforms) = postSolution
		{3F8CF903-7F89-437C-ABB5-4A79ECC7573A}.Debug|Any CPU.ActiveCfg = Debug|Any CPU
		{3F8CF903-7F89-437C-ABB5-4A79ECC7573A}.Debug|Any CPU.Build.0 = Debug|Any CPU
		{3F8CF903-7F89-437C-ABB5-4A79ECC7573A}.Release|Any CPU.ActiveCfg = Release|Any CPU
		{3F8CF903-7F89-437C-ABB5-4A79ECC7573A}.Release|Any CPU.Build.0 = Release|Any CPU
	EndGlobalSection
	GlobalSection(SolutionProperties) = preSolution
		HideSolutionNode = FALSE
	EndGlobalSection
	GlobalSection(ExtensibilityGlobals) = postSolution
		SolutionGuid = {B5E96192-6CA5-4A12-B3DB-8B2FA8803775}
	EndGlobalSection
EndGlobal
